{
  "name": "@designervoid/ton-design-system",
  "version": "1.0.17",
  "lockfileVersion": 2,
  "requires": true,
  "packages": {
    "": {
      "name": "@designervoid/ton-design-system",
      "version": "1.0.17",
      "devDependencies": {
        "typescript": "^4.9.5"
      }
    },
    "node_modules/typescript": {
      "version": "4.9.5",
      "dev": true,
      "license": "Apache-2.0",
      "bin": {
        "tsc": "bin/tsc",
        "tsserver": "bin/tsserver"
      },
      "engines": {
        "node": ">=4.2.0"
      }
    }
  },
  "dependencies": {
    "typescript": {
      "version": "4.9.5",
      "dev": true
    }
  }
}
