lockfileVersion: '9.0'

settings:
  autoInstallPeers: true
  excludeLinksFromLockfile: false

importers:

  .:
    dependencies:
      '@designervoid/ton-design-system':
        specifier: ^6.0.3
        version: 6.0.3
      '@lottiefiles/dotlottie-react':
        specifier: ^0.17.8
        version: 0.17.8(react@19.2.1)
      '@tailwindcss/postcss':
        specifier: ^4.1.17
        version: 4.1.17
      '@twa-dev/sdk':
        specifier: ^8.0.2
        version: 8.0.2(react@19.2.1)
      class-variance-authority:
        specifier: ^0.7.1
        version: 0.7.1
      clsx:
        specifier: ^2.1.1
        version: 2.1.1
      react:
        specifier: ^19.2.1
        version: 19.2.1
      react-dom:
        specifier: ^19.2.1
        version: 19.2.1(react@19.2.1)
      react-router-dom:
        specifier: ^7.10.1
        version: 7.10.1(react-dom@19.2.1(react@19.2.1))(react@19.2.1)
      tailwind-merge:
        specifier: ^3.4.0
        version: 3.4.0
      zustand:
        specifier: ^5.0.9
        version: 5.0.9(@types/react@19.2.7)(react@19.2.1)(use-sync-external-store@1.6.0(react@19.2.1))
    devDependencies:
      '@biomejs/biome':
        specifier: 2.3.8
        version: 2.3.8
      '@rsbuild/core':
        specifier: ^1.6.12
        version: 1.6.12
      '@rsbuild/plugin-react':
        specifier: ^1.4.2
        version: 1.4.2(@rsbuild/core@1.6.12)
      '@types/react':
        specifier: ^19.2.7
        version: 19.2.7
      '@types/react-dom':
        specifier: ^19.2.3
        version: 19.2.3(@types/react@19.2.7)
      autoprefixer:
        specifier: ^10.4.22
        version: 10.4.22(postcss@8.5.6)
      postcss:
        specifier: ^8.5.6
        version: 8.5.6
      tailwindcss:
        specifier: ^4.1.17
        version: 4.1.17
      typescript:
        specifier: ^5.9.3
        version: 5.9.3

packages:

  '@alloc/quick-lru@5.2.0':
    resolution: {integrity: sha512-UrcABB+4bUrFABwbluTIBErXwvbsU/V7TZWfmbgJfbkwiBuziS9gxdODUyuiecfdGQ85jglMW6juS3+z5TsKLw==}
    engines: {node: '>=10'}

  '@biomejs/biome@2.3.8':
    resolution: {integrity: sha512-Qjsgoe6FEBxWAUzwFGFrB+1+M8y/y5kwmg5CHac+GSVOdmOIqsAiXM5QMVGZJ1eCUCLlPZtq4aFAQ0eawEUuUA==}
    engines: {node: '>=14.21.3'}
    hasBin: true

  '@biomejs/cli-darwin-arm64@2.3.8':
    resolution: {integrity: sha512-HM4Zg9CGQ3txTPflxD19n8MFPrmUAjaC7PQdLkugeeC0cQ+PiVrd7i09gaBS/11QKsTDBJhVg85CEIK9f50Qww==}
    engines: {node: '>=14.21.3'}
    cpu: [arm64]
    os: [darwin]

  '@biomejs/cli-darwin-x64@2.3.8':
    resolution: {integrity: sha512-lUDQ03D7y/qEao7RgdjWVGCu+BLYadhKTm40HkpJIi6kn8LSv5PAwRlew/DmwP4YZ9ke9XXoTIQDO1vAnbRZlA==}
    engines: {node: '>=14.21.3'}
    cpu: [x64]
    os: [darwin]

  '@biomejs/cli-linux-arm64-musl@2.3.8':
    resolution: {integrity: sha512-PShR4mM0sjksUMyxbyPNMxoKFPVF48fU8Qe8Sfx6w6F42verbwRLbz+QiKNiDPRJwUoMG1nPM50OBL3aOnTevA==}
    engines: {node: '>=14.21.3'}
    cpu: [arm64]
    os: [linux]

  '@biomejs/cli-linux-arm64@2.3.8':
    resolution: {integrity: sha512-Uo1OJnIkJgSgF+USx970fsM/drtPcQ39I+JO+Fjsaa9ZdCN1oysQmy6oAGbyESlouz+rzEckLTF6DS7cWse95g==}
    engines: {node: '>=14.21.3'}
    cpu: [arm64]
    os: [linux]

  '@biomejs/cli-linux-x64-musl@2.3.8':
    resolution: {integrity: sha512-YGLkqU91r1276uwSjiUD/xaVikdxgV1QpsicT0bIA1TaieM6E5ibMZeSyjQ/izBn4tKQthUSsVZacmoJfa3pDA==}
    engines: {node: '>=14.21.3'}
    cpu: [x64]
    os: [linux]

  '@biomejs/cli-linux-x64@2.3.8':
    resolution: {integrity: sha512-QDPMD5bQz6qOVb3kiBui0zKZXASLo0NIQ9JVJio5RveBEFgDgsvJFUvZIbMbUZT3T00M/1wdzwWXk4GIh0KaAw==}
    engines: {node: '>=14.21.3'}
    cpu: [x64]
    os: [linux]

  '@biomejs/cli-win32-arm64@2.3.8':
    resolution: {integrity: sha512-H4IoCHvL1fXKDrTALeTKMiE7GGWFAraDwBYFquE/L/5r1927Te0mYIGseXi4F+lrrwhSWbSGt5qPFswNoBaCxg==}
    engines: {node: '>=14.21.3'}
    cpu: [arm64]
    os: [win32]

  '@biomejs/cli-win32-x64@2.3.8':
    resolution: {integrity: sha512-RguzimPoZWtBapfKhKjcWXBVI91tiSprqdBYu7tWhgN8pKRZhw24rFeNZTNf6UiBfjCYCi9eFQs/JzJZIhuK4w==}
    engines: {node: '>=14.21.3'}
    cpu: [x64]
    os: [win32]

  '@designervoid/ton-design-system@5.0.3':
    resolution: {integrity: sha512-kaGUOkNIE4NcxKz5yhgehTe7HYTPRbx5MWJuVKNq8hxv67DQEUfbexekIxi2LQgfb5KwcFTtvVbbzPzqCyGbVw==}
    hasBin: true

  '@designervoid/ton-design-system@6.0.3':
    resolution: {integrity: sha512-xRli67IHAEMgwwQlw4R4iMvXxomFhqfYkMHAJsWO+SPVIY4EM0vpGQLhULamkGkdcWk6Phu19iA+TEy43qlxFg==}
    hasBin: true

  '@emnapi/core@1.7.1':
    resolution: {integrity: sha512-o1uhUASyo921r2XtHYOHy7gdkGLge8ghBEQHMWmyJFoXlpU58kIrhhN3w26lpQb6dspetweapMn2CSNwQ8I4wg==}

  '@emnapi/runtime@1.7.1':
    resolution: {integrity: sha512-PVtJr5CmLwYAU9PZDMITZoR5iAOShYREoR45EyyLrbntV50mdePTgUn4AmOw90Ifcj+x2kRjdzr1HP3RrNiHGA==}

  '@emnapi/wasi-threads@1.1.0':
    resolution: {integrity: sha512-WI0DdZ8xFSbgMjR1sFsKABJ/C5OnRrjT06JXbZKexJGrDuPTzZdDYfFlsgcCXCyf+suG5QU2e/y1Wo2V/OapLQ==}

  '@jridgewell/gen-mapping@0.3.13':
    resolution: {integrity: sha512-2kkt/7niJ6MgEPxF0bYdQ6etZaA+fQvDcLKckhy1yIQOzaoKjBBjSj63/aLVjYE3qhRt5dvM+uUyfCg6UKCBbA==}

  '@jridgewell/remapping@2.3.5':
    resolution: {integrity: sha512-LI9u/+laYG4Ds1TDKSJW2YPrIlcVYOwi2fUC6xB43lueCjgxV4lffOCZCtYFiH6TNOX+tQKXx97T4IKHbhyHEQ==}

  '@jridgewell/resolve-uri@3.1.2':
    resolution: {integrity: sha512-bRISgCIjP20/tbWSPWMEi54QVPRZExkuD9lJL+UIxUKtwVJA8wW1Trb1jMs1RFXo1CBTNZ/5hpC9QvmKWdopKw==}
    engines: {node: '>=6.0.0'}

  '@jridgewell/sourcemap-codec@1.5.5':
    resolution: {integrity: sha512-cYQ9310grqxueWbl+WuIUIaiUaDcj7WOq5fVhEljNVgRfOUhY9fy2zTvfoqWsnebh8Sl70VScFbICvJnLKB0Og==}

  '@jridgewell/trace-mapping@0.3.31':
    resolution: {integrity: sha512-zzNR+SdQSDJzc8joaeP8QQoCQr8NuYx2dIIytl1QeBEZHJ9uW6hebsrYgbz8hJwUQao3TWCMtmfV8Nu1twOLAw==}

  '@lottiefiles/dotlottie-react@0.17.8':
    resolution: {integrity: sha512-Hk0bISNURSqL7t+H7S5lW2NQVa1hiibnqRRg6kOWZpswBxfQk+/6WBPc9EfuetdoZmiMoDsmcI0HR4I20oTBRg==}
    peerDependencies:
      react: ^17 || ^18 || ^19

  '@lottiefiles/dotlottie-web@0.57.0':
    resolution: {integrity: sha512-gcgvu9T21YzeY3JjHCZrxftucsxzMH6e9h+8NMv8mbfo1y1M9/jdcsdu40S+pnSLz9/OyiSBQ/EjDsbSOHZy0w==}

  '@module-federation/error-codes@0.21.6':
    resolution: {integrity: sha512-MLJUCQ05KnoVl8xd6xs9a5g2/8U+eWmVxg7xiBMeR0+7OjdWUbHwcwgVFatRIwSZvFgKHfWEiI7wsU1q1XbTRQ==}

  '@module-federation/runtime-core@0.21.6':
    resolution: {integrity: sha512-5Hd1Y5qp5lU/aTiK66lidMlM/4ji2gr3EXAtJdreJzkY+bKcI5+21GRcliZ4RAkICmvdxQU5PHPL71XmNc7Lsw==}

  '@module-federation/runtime-tools@0.21.6':
    resolution: {integrity: sha512-fnP+ZOZTFeBGiTAnxve+axGmiYn2D60h86nUISXjXClK3LUY1krUfPgf6MaD4YDJ4i51OGXZWPekeMe16pkd8Q==}

  '@module-federation/runtime@0.21.6':
    resolution: {integrity: sha512-+caXwaQqwTNh+CQqyb4mZmXq7iEemRDrTZQGD+zyeH454JAYnJ3s/3oDFizdH6245pk+NiqDyOOkHzzFQorKhQ==}

  '@module-federation/sdk@0.21.6':
    resolution: {integrity: sha512-x6hARETb8iqHVhEsQBysuWpznNZViUh84qV2yE7AD+g7uIzHKiYdoWqj10posbo5XKf/147qgWDzKZoKoEP2dw==}

  '@module-federation/webpack-bundler-runtime@0.21.6':
    resolution: {integrity: sha512-7zIp3LrcWbhGuFDTUMLJ2FJvcwjlddqhWGxi/MW3ur1a+HaO8v5tF2nl+vElKmbG1DFLU/52l3PElVcWf/YcsQ==}

  '@napi-rs/wasm-runtime@1.0.7':
    resolution: {integrity: sha512-SeDnOO0Tk7Okiq6DbXmmBODgOAb9dp9gjlphokTUxmt8U3liIP1ZsozBahH69j/RJv+Rfs6IwUKHTgQYJ/HBAw==}

  '@rsbuild/core@1.6.12':
    resolution: {integrity: sha512-gHwDfAMMgK2Zu9JgiekX949F262g6yYY+/ZLTIaMXHZmqYLAgsu0XOeVogpfQa045xcnwcQfpieiB9zgukJSgw==}
    engines: {node: '>=18.12.0'}
    hasBin: true

  '@rsbuild/plugin-react@1.4.2':
    resolution: {integrity: sha512-2rJb5mOuqVof2aDq4SbB1E65+0n1vjhAADipC88jvZRNuTOulg79fh7R4tsCiBMI4VWq46gSpwekiK8G5bq6jg==}
    peerDependencies:
      '@rsbuild/core': 1.x

  '@rspack/binding-darwin-arm64@1.6.6':
    resolution: {integrity: sha512-vGVDP0rlWa2w/gLba/sncVfkCah0HmhdmK5vGj/7sSX0iViwQneA2xjxDHyCNSQrvfq9GJmj4Kmdq/9tGh0KuA==}
    cpu: [arm64]
    os: [darwin]

  '@rspack/binding-darwin-x64@1.6.6':
    resolution: {integrity: sha512-IcdEG2kOmbPPO70Zl7gDnowDjK7d7C1hWew2vU7dPltr2t1JalRIMnS051lhiur0ULkSxV3cW1zXqv0Oi8AnOg==}
    cpu: [x64]
    os: [darwin]

  '@rspack/binding-linux-arm64-gnu@1.6.6':
    resolution: {integrity: sha512-rIguCCtlTcwoFlwheDiUgdImk27spuCRn43zGJogARpM/ZYRFKIuSwFDGUtJT2g0TSLUAHUhWAUqC36NwvrbMQ==}
    cpu: [arm64]
    os: [linux]

  '@rspack/binding-linux-arm64-musl@1.6.6':
    resolution: {integrity: sha512-x6X6Gr0fUw6qrJGxZt3Rb6oIX+jd9pdcyp0VbtofcLaqGVQbzustYsYnuLATPOys0q4J/4kWnmEhkjLJHwkhpQ==}
    cpu: [arm64]
    os: [linux]

  '@rspack/binding-linux-x64-gnu@1.6.6':
    resolution: {integrity: sha512-gSlVdASszWHosQKn+nzYOInBijdQboUnmNMGgW9/PijVg3433IvQjzviUuJFno8CMGgrACV9yw+ZFDuK0J57VA==}
    cpu: [x64]
    os: [linux]

  '@rspack/binding-linux-x64-musl@1.6.6':
    resolution: {integrity: sha512-TZaqVkh7memsTK/hxkOBrbpdzbmBUMea1YnYt++7QjMgco1kWFvAQ+YhAWtIaOaEg8s6C07Lt0Zp8izM2Dja0g==}
    cpu: [x64]
    os: [linux]

  '@rspack/binding-wasm32-wasi@1.6.6':
    resolution: {integrity: sha512-W4mWdlLnYrbUaktyHOGNfATblxMTbgF7CBfDw8PhbDtjd2l8e/TnaHgIDkwITHXAOMEF/QEKfo9FtusbcQJNKw==}
    cpu: [wasm32]

  '@rspack/binding-win32-arm64-msvc@1.6.6':
    resolution: {integrity: sha512-cw5OgxqoDwjoZlk0L3vGEwcjPZsOVFYLwr2ssiC05rsTbhBwxj8coLpAJdvUvbf6C2TTmCB7iPe2sPq1KWD37g==}
    cpu: [arm64]
    os: [win32]

  '@rspack/binding-win32-ia32-msvc@1.6.6':
    resolution: {integrity: sha512-M4ruR+VZ59iy+mPjy6FQPT27cOgeytf3wFBrt7e0suKeNLYGxrNyI9YhgpCTY++SMJsAMgRLGDHoI3ZgWulw1Q==}
    cpu: [ia32]
    os: [win32]

  '@rspack/binding-win32-x64-msvc@1.6.6':
    resolution: {integrity: sha512-q5QTvdhPUh+CA93cQG5zWKRIHMIWPzw+ftFDEwBw52zYdvNAoLniqD8o5Mi8CT0pndhulXgR5aw0Sjd3eMah+A==}
    cpu: [x64]
    os: [win32]

  '@rspack/binding@1.6.6':
    resolution: {integrity: sha512-noiV+qhyBTVpvG2M4bnOwKk2Ynl6G47Wf7wpCjPCFr87qr3txNwTTnhkEJEU59yj+VvIhbRD2rf5+9TLoT0Wxg==}

  '@rspack/core@1.6.6':
    resolution: {integrity: sha512-2mR+2YBydlgZ7Q0Rpd6bCC3MBnV9TS0x857K0zIhbDj4BQOqaWVy1n7fx/B3MrS8TR0QCuzKfyDAjNz+XTyJVQ==}
    engines: {node: '>=18.12.0'}
    peerDependencies:
      '@swc/helpers': '>=0.5.1'
    peerDependenciesMeta:
      '@swc/helpers':
        optional: true

  '@rspack/lite-tapable@1.1.0':
    resolution: {integrity: sha512-E2B0JhYFmVAwdDiG14+DW0Di4Ze4Jg10Pc4/lILUrd5DRCaklduz2OvJ5HYQ6G+hd+WTzqQb3QnDNfK4yvAFYw==}

  '@rspack/plugin-react-refresh@1.5.3':
    resolution: {integrity: sha512-VOnQMf3YOHkTqJ0+BJbrYga4tQAWNwoAnkgwRauXB4HOyCc5wLfBs9DcOFla/2usnRT3Sq6CMVhXmdPobwAoTA==}
    peerDependencies:
      react-refresh: '>=0.10.0 <1.0.0'
      webpack-hot-middleware: 2.x
    peerDependenciesMeta:
      webpack-hot-middleware:
        optional: true

  '@swc/helpers@0.5.17':
    resolution: {integrity: sha512-5IKx/Y13RsYd+sauPb2x+U/xZikHjolzfuDgTAl/Tdf3Q8rslRvC19NKDLgAJQ6wsqADk10ntlv08nPFw/gO/A==}

  '@tailwindcss/node@4.1.17':
    resolution: {integrity: sha512-csIkHIgLb3JisEFQ0vxr2Y57GUNYh447C8xzwj89U/8fdW8LhProdxvnVH6U8M2Y73QKiTIH+LWbK3V2BBZsAg==}

  '@tailwindcss/oxide-android-arm64@4.1.17':
    resolution: {integrity: sha512-BMqpkJHgOZ5z78qqiGE6ZIRExyaHyuxjgrJ6eBO5+hfrfGkuya0lYfw8fRHG77gdTjWkNWEEm+qeG2cDMxArLQ==}
    engines: {node: '>= 10'}
    cpu: [arm64]
    os: [android]

  '@tailwindcss/oxide-darwin-arm64@4.1.17':
    resolution: {integrity: sha512-EquyumkQweUBNk1zGEU/wfZo2qkp/nQKRZM8bUYO0J+Lums5+wl2CcG1f9BgAjn/u9pJzdYddHWBiFXJTcxmOg==}
    engines: {node: '>= 10'}
    cpu: [arm64]
    os: [darwin]

  '@tailwindcss/oxide-darwin-x64@4.1.17':
    resolution: {integrity: sha512-gdhEPLzke2Pog8s12oADwYu0IAw04Y2tlmgVzIN0+046ytcgx8uZmCzEg4VcQh+AHKiS7xaL8kGo/QTiNEGRog==}
    engines: {node: '>= 10'}
    cpu: [x64]
    os: [darwin]

  '@tailwindcss/oxide-freebsd-x64@4.1.17':
    resolution: {integrity: sha512-hxGS81KskMxML9DXsaXT1H0DyA+ZBIbyG/sSAjWNe2EDl7TkPOBI42GBV3u38itzGUOmFfCzk1iAjDXds8Oh0g==}
    engines: {node: '>= 10'}
    cpu: [x64]
    os: [freebsd]

  '@tailwindcss/oxide-linux-arm-gnueabihf@4.1.17':
    resolution: {integrity: sha512-k7jWk5E3ldAdw0cNglhjSgv501u7yrMf8oeZ0cElhxU6Y2o7f8yqelOp3fhf7evjIS6ujTI3U8pKUXV2I4iXHQ==}
    engines: {node: '>= 10'}
    cpu: [arm]
    os: [linux]

  '@tailwindcss/oxide-linux-arm64-gnu@4.1.17':
    resolution: {integrity: sha512-HVDOm/mxK6+TbARwdW17WrgDYEGzmoYayrCgmLEw7FxTPLcp/glBisuyWkFz/jb7ZfiAXAXUACfyItn+nTgsdQ==}
    engines: {node: '>= 10'}
    cpu: [arm64]
    os: [linux]

  '@tailwindcss/oxide-linux-arm64-musl@4.1.17':
    resolution: {integrity: sha512-HvZLfGr42i5anKtIeQzxdkw/wPqIbpeZqe7vd3V9vI3RQxe3xU1fLjss0TjyhxWcBaipk7NYwSrwTwK1hJARMg==}
    engines: {node: '>= 10'}
    cpu: [arm64]
    os: [linux]

  '@tailwindcss/oxide-linux-x64-gnu@4.1.17':
    resolution: {integrity: sha512-M3XZuORCGB7VPOEDH+nzpJ21XPvK5PyjlkSFkFziNHGLc5d6g3di2McAAblmaSUNl8IOmzYwLx9NsE7bplNkwQ==}
    engines: {node: '>= 10'}
    cpu: [x64]
    os: [linux]

  '@tailwindcss/oxide-linux-x64-musl@4.1.17':
    resolution: {integrity: sha512-k7f+pf9eXLEey4pBlw+8dgfJHY4PZ5qOUFDyNf7SI6lHjQ9Zt7+NcscjpwdCEbYi6FI5c2KDTDWyf2iHcCSyyQ==}
    engines: {node: '>= 10'}
    cpu: [x64]
    os: [linux]

  '@tailwindcss/oxide-wasm32-wasi@4.1.17':
    resolution: {integrity: sha512-cEytGqSSoy7zK4JRWiTCx43FsKP/zGr0CsuMawhH67ONlH+T79VteQeJQRO/X7L0juEUA8ZyuYikcRBf0vsxhg==}
    engines: {node: '>=14.0.0'}
    cpu: [wasm32]
    bundledDependencies:
      - '@napi-rs/wasm-runtime'
      - '@emnapi/core'
      - '@emnapi/runtime'
      - '@tybys/wasm-util'
      - '@emnapi/wasi-threads'
      - tslib

  '@tailwindcss/oxide-win32-arm64-msvc@4.1.17':
    resolution: {integrity: sha512-JU5AHr7gKbZlOGvMdb4722/0aYbU+tN6lv1kONx0JK2cGsh7g148zVWLM0IKR3NeKLv+L90chBVYcJ8uJWbC9A==}
    engines: {node: '>= 10'}
    cpu: [arm64]
    os: [win32]

  '@tailwindcss/oxide-win32-x64-msvc@4.1.17':
    resolution: {integrity: sha512-SKWM4waLuqx0IH+FMDUw6R66Hu4OuTALFgnleKbqhgGU30DY20NORZMZUKgLRjQXNN2TLzKvh48QXTig4h4bGw==}
    engines: {node: '>= 10'}
    cpu: [x64]
    os: [win32]

  '@tailwindcss/oxide@4.1.17':
    resolution: {integrity: sha512-F0F7d01fmkQhsTjXezGBLdrl1KresJTcI3DB8EkScCldyKp3Msz4hub4uyYaVnk88BAS1g5DQjjF6F5qczheLA==}
    engines: {node: '>= 10'}

  '@tailwindcss/postcss@4.1.17':
    resolution: {integrity: sha512-+nKl9N9mN5uJ+M7dBOOCzINw94MPstNR/GtIhz1fpZysxL/4a+No64jCBD6CPN+bIHWFx3KWuu8XJRrj/572Dw==}

  '@twa-dev/sdk@8.0.2':
    resolution: {integrity: sha512-Pp5GxnxP2blboVZFiM9aWjs4cb8IpW3x2jP3kLOMvIqy0jzNUTuFHkwHtx+zEvh/UcF2F+wmS8G6ebIA0XPXcg==}
    peerDependencies:
      react: ^18.0.0 || ^19.0.0

  '@twa-dev/types@8.0.2':
    resolution: {integrity: sha512-ICQ6n4NaUPPzV3/GzflVQS6Nnu5QX2vr9OlOG8ZkFf3rSJXzRKazrLAbZlVhCPPWkIW3MMuELPsE6tByrA49qA==}

  '@tybys/wasm-util@0.10.1':
    resolution: {integrity: sha512-9tTaPJLSiejZKx+Bmog4uSubteqTvFrVrURwkmHixBo0G4seD0zUxp98E1DzUBJxLQ3NPwXrGKDiVjwx/DpPsg==}

  '@types/react-dom@19.2.3':
    resolution: {integrity: sha512-jp2L/eY6fn+KgVVQAOqYItbF0VY/YApe5Mz2F0aykSO8gx31bYCZyvSeYxCHKvzHG5eZjc+zyaS5BrBWya2+kQ==}
    peerDependencies:
      '@types/react': ^19.2.0

  '@types/react@19.2.7':
    resolution: {integrity: sha512-MWtvHrGZLFttgeEj28VXHxpmwYbor/ATPYbBfSFZEIRK0ecCFLl2Qo55z52Hss+UV9CRN7trSeq1zbgx7YDWWg==}

  autoprefixer@10.4.22:
    resolution: {integrity: sha512-ARe0v/t9gO28Bznv6GgqARmVqcWOV3mfgUPn9becPHMiD3o9BwlRgaeccZnwTpZ7Zwqrm+c1sUSsMxIzQzc8Xg==}
    engines: {node: ^10 || ^12 || >=14}
    hasBin: true
    peerDependencies:
      postcss: ^8.1.0

  baseline-browser-mapping@2.9.3:
    resolution: {integrity: sha512-8QdH6czo+G7uBsNo0GiUfouPN1lRzKdJTGnKXwe12gkFbnnOUaUKGN55dMkfy+mnxmvjwl9zcI4VncczcVXDhA==}
    hasBin: true

  browserslist@4.28.1:
    resolution: {integrity: sha512-ZC5Bd0LgJXgwGqUknZY/vkUQ04r8NXnJZ3yYi4vDmSiZmC/pdSN0NbNRPxZpbtO4uAfDUAFffO8IZoM3Gj8IkA==}
    engines: {node: ^6 || ^7 || ^8 || ^9 || ^10 || ^11 || ^12 || >=13.7}
    hasBin: true

  caniuse-lite@1.0.30001759:
    resolution: {integrity: sha512-Pzfx9fOKoKvevQf8oCXoyNRQ5QyxJj+3O0Rqx2V5oxT61KGx8+n6hV/IUyJeifUci2clnmmKVpvtiqRzgiWjSw==}

  class-variance-authority@0.7.1:
    resolution: {integrity: sha512-Ka+9Trutv7G8M6WT6SeiRWz792K5qEqIGEGzXKhAE6xOWAY6pPH8U+9IY3oCMv6kqTmLsv7Xh/2w2RigkePMsg==}

  clsx@2.1.1:
    resolution: {integrity: sha512-eYm0QWBtUrBWZWG0d386OGAw16Z995PiOVo2B7bjWSbHedGl5e0ZWaq65kOGgUSNesEIDkB9ISbTg/JK9dhCZA==}
    engines: {node: '>=6'}

  cookie@1.1.1:
    resolution: {integrity: sha512-ei8Aos7ja0weRpFzJnEA9UHJ/7XQmqglbRwnf2ATjcB9Wq874VKH9kfjjirM6UhU2/E5fFYadylyhFldcqSidQ==}
    engines: {node: '>=18'}

  core-js@3.47.0:
    resolution: {integrity: sha512-c3Q2VVkGAUyupsjRnaNX6u8Dq2vAdzm9iuPj5FW0fRxzlxgq9Q39MDq10IvmQSpLgHQNyQzQmOo6bgGHmH3NNg==}

  csstype@3.2.3:
    resolution: {integrity: sha512-z1HGKcYy2xA8AGQfwrn0PAy+PB7X/GSj3UVJW9qKyn43xWa+gl5nXmU4qqLMRzWVLFC8KusUX8T/0kCiOYpAIQ==}

  detect-libc@2.1.2:
    resolution: {integrity: sha512-Btj2BOOO83o3WyH59e8MgXsxEQVcarkUOpEYrubB0urwnN10yQ364rsiByU11nZlqWYZm05i/of7io4mzihBtQ==}
    engines: {node: '>=8'}

  electron-to-chromium@1.5.266:
    resolution: {integrity: sha512-kgWEglXvkEfMH7rxP5OSZZwnaDWT7J9EoZCujhnpLbfi0bbNtRkgdX2E3gt0Uer11c61qCYktB3hwkAS325sJg==}

  enhanced-resolve@5.18.3:
    resolution: {integrity: sha512-d4lC8xfavMeBjzGr2vECC3fsGXziXZQyJxD868h2M/mBI3PwAuODxAkLkq5HYuvrPYcUtiLzsTo8U3PgX3Ocww==}
    engines: {node: '>=10.13.0'}

  error-stack-parser@2.1.4:
    resolution: {integrity: sha512-Sk5V6wVazPhq5MhpO+AUxJn5x7XSXGl1R93Vn7i+zS15KDVxQijejNCrz8340/2bgLBjR9GtEG8ZVKONDjcqGQ==}

  escalade@3.2.0:
    resolution: {integrity: sha512-WUj2qlxaQtO4g6Pq5c29GTcWGDyd8itL8zTlipgECz3JesAiiOKotd8JU6otB3PACgG6xkJUyVhboMS+bje/jA==}
    engines: {node: '>=6'}

  fraction.js@5.3.4:
    resolution: {integrity: sha512-1X1NTtiJphryn/uLQz3whtY6jK3fTqoE3ohKs0tT+Ujr1W59oopxmoEh7Lu5p6vBaPbgoM0bzveAW4Qi5RyWDQ==}

  graceful-fs@4.2.11:
    resolution: {integrity: sha512-RbJ5/jmFcNNCcDV5o9eTnBLJ/HszWV0P73bc+Ff4nS/rJj+YaS6IGyiOL0VoBYX+l1Wrl3k63h/KrH+nhJ0XvQ==}

  html-entities@2.6.0:
    resolution: {integrity: sha512-kig+rMn/QOVRvr7c86gQ8lWXq+Hkv6CbAH1hLu+RG338StTpE8Z0b44SDVaqVu7HGKf27frdmUYEs9hTUX/cLQ==}

  jiti@2.6.1:
    resolution: {integrity: sha512-ekilCSN1jwRvIbgeg/57YFh8qQDNbwDb9xT/qu2DAHbFFZUicIl4ygVaAvzveMhMVr3LnpSKTNnwt8PoOfmKhQ==}
    hasBin: true

  lightningcss-android-arm64@1.30.2:
    resolution: {integrity: sha512-BH9sEdOCahSgmkVhBLeU7Hc9DWeZ1Eb6wNS6Da8igvUwAe0sqROHddIlvU06q3WyXVEOYDZ6ykBZQnjTbmo4+A==}
    engines: {node: '>= 12.0.0'}
    cpu: [arm64]
    os: [android]

  lightningcss-darwin-arm64@1.30.2:
    resolution: {integrity: sha512-ylTcDJBN3Hp21TdhRT5zBOIi73P6/W0qwvlFEk22fkdXchtNTOU4Qc37SkzV+EKYxLouZ6M4LG9NfZ1qkhhBWA==}
    engines: {node: '>= 12.0.0'}
    cpu: [arm64]
    os: [darwin]

  lightningcss-darwin-x64@1.30.2:
    resolution: {integrity: sha512-oBZgKchomuDYxr7ilwLcyms6BCyLn0z8J0+ZZmfpjwg9fRVZIR5/GMXd7r9RH94iDhld3UmSjBM6nXWM2TfZTQ==}
    engines: {node: '>= 12.0.0'}
    cpu: [x64]
    os: [darwin]

  lightningcss-freebsd-x64@1.30.2:
    resolution: {integrity: sha512-c2bH6xTrf4BDpK8MoGG4Bd6zAMZDAXS569UxCAGcA7IKbHNMlhGQ89eRmvpIUGfKWNVdbhSbkQaWhEoMGmGslA==}
    engines: {node: '>= 12.0.0'}
    cpu: [x64]
    os: [freebsd]

  lightningcss-linux-arm-gnueabihf@1.30.2:
    resolution: {integrity: sha512-eVdpxh4wYcm0PofJIZVuYuLiqBIakQ9uFZmipf6LF/HRj5Bgm0eb3qL/mr1smyXIS1twwOxNWndd8z0E374hiA==}
    engines: {node: '>= 12.0.0'}
    cpu: [arm]
    os: [linux]

  lightningcss-linux-arm64-gnu@1.30.2:
    resolution: {integrity: sha512-UK65WJAbwIJbiBFXpxrbTNArtfuznvxAJw4Q2ZGlU8kPeDIWEX1dg3rn2veBVUylA2Ezg89ktszWbaQnxD/e3A==}
    engines: {node: '>= 12.0.0'}
    cpu: [arm64]
    os: [linux]

  lightningcss-linux-arm64-musl@1.30.2:
    resolution: {integrity: sha512-5Vh9dGeblpTxWHpOx8iauV02popZDsCYMPIgiuw97OJ5uaDsL86cnqSFs5LZkG3ghHoX5isLgWzMs+eD1YzrnA==}
    engines: {node: '>= 12.0.0'}
    cpu: [arm64]
    os: [linux]

  lightningcss-linux-x64-gnu@1.30.2:
    resolution: {integrity: sha512-Cfd46gdmj1vQ+lR6VRTTadNHu6ALuw2pKR9lYq4FnhvgBc4zWY1EtZcAc6EffShbb1MFrIPfLDXD6Xprbnni4w==}
    engines: {node: '>= 12.0.0'}
    cpu: [x64]
    os: [linux]

  lightningcss-linux-x64-musl@1.30.2:
    resolution: {integrity: sha512-XJaLUUFXb6/QG2lGIW6aIk6jKdtjtcffUT0NKvIqhSBY3hh9Ch+1LCeH80dR9q9LBjG3ewbDjnumefsLsP6aiA==}
    engines: {node: '>= 12.0.0'}
    cpu: [x64]
    os: [linux]

  lightningcss-win32-arm64-msvc@1.30.2:
    resolution: {integrity: sha512-FZn+vaj7zLv//D/192WFFVA0RgHawIcHqLX9xuWiQt7P0PtdFEVaxgF9rjM/IRYHQXNnk61/H/gb2Ei+kUQ4xQ==}
    engines: {node: '>= 12.0.0'}
    cpu: [arm64]
    os: [win32]

  lightningcss-win32-x64-msvc@1.30.2:
    resolution: {integrity: sha512-5g1yc73p+iAkid5phb4oVFMB45417DkRevRbt/El/gKXJk4jid+vPFF/AXbxn05Aky8PapwzZrdJShv5C0avjw==}
    engines: {node: '>= 12.0.0'}
    cpu: [x64]
    os: [win32]

  lightningcss@1.30.2:
    resolution: {integrity: sha512-utfs7Pr5uJyyvDETitgsaqSyjCb2qNRAtuqUeWIAKztsOYdcACf2KtARYXg2pSvhkt+9NfoaNY7fxjl6nuMjIQ==}
    engines: {node: '>= 12.0.0'}

  magic-string@0.30.21:
    resolution: {integrity: sha512-vd2F4YUyEXKGcLHoq+TEyCjxueSeHnFxyyjNp80yg0XV4vUhnDer/lvvlqM/arB5bXQN5K2/3oinyCRyx8T2CQ==}

  nanoid@3.3.11:
    resolution: {integrity: sha512-N8SpfPUnUp1bK+PMYW8qSWdl9U+wwNWI4QKxOYDy9JAro3WMX7p2OeVRF9v+347pnakNevPmiHhNmZ2HbFA76w==}
    engines: {node: ^10 || ^12 || ^13.7 || ^14 || >=15.0.1}
    hasBin: true

  node-releases@2.0.27:
    resolution: {integrity: sha512-nmh3lCkYZ3grZvqcCH+fjmQ7X+H0OeZgP40OierEaAptX4XofMh5kwNbWh7lBduUzCcV/8kZ+NDLCwm2iorIlA==}

  normalize-range@0.1.2:
    resolution: {integrity: sha512-bdok/XvKII3nUpklnV6P2hxtMNrCboOjAcyBuQnWEhO665FwrSNRxU+AqpsyvO6LgGYPspN+lu5CLtw4jPRKNA==}
    engines: {node: '>=0.10.0'}

  picocolors@1.1.1:
    resolution: {integrity: sha512-xceH2snhtb5M9liqDsmEw56le376mTZkEX/jEb/RxNFyegNul7eNslCXP9FDj/Lcu0X8KEyMceP2ntpaHrDEVA==}

  postcss-value-parser@4.2.0:
    resolution: {integrity: sha512-1NNCs6uurfkVbeXG4S8JFT9t19m45ICnif8zWLd5oPSZ50QnwMfK+H3jv408d4jw/7Bttv5axS5IiHoLaVNHeQ==}

  postcss@8.5.6:
    resolution: {integrity: sha512-3Ybi1tAuwAP9s0r1UQ2J4n5Y0G05bJkpUIO0/bI9MhwmD70S5aTWbXGBwxHrelT+XM1k6dM0pk+SwNkpTRN7Pg==}
    engines: {node: ^10 || ^12 || >=14}

  react-dom@19.2.1:
    resolution: {integrity: sha512-ibrK8llX2a4eOskq1mXKu/TGZj9qzomO+sNfO98M6d9zIPOEhlBkMkBUBLd1vgS0gQsLDBzA+8jJBVXDnfHmJg==}
    peerDependencies:
      react: ^19.2.1

  react-refresh@0.18.0:
    resolution: {integrity: sha512-QgT5//D3jfjJb6Gsjxv0Slpj23ip+HtOpnNgnb2S5zU3CB26G/IDPGoy4RJB42wzFE46DRsstbW6tKHoKbhAxw==}
    engines: {node: '>=0.10.0'}

  react-router-dom@7.10.1:
    resolution: {integrity: sha512-JNBANI6ChGVjA5bwsUIwJk7LHKmqB4JYnYfzFwyp2t12Izva11elds2jx7Yfoup2zssedntwU0oZ5DEmk5Sdaw==}
    engines: {node: '>=20.0.0'}
    peerDependencies:
      react: '>=18'
      react-dom: '>=18'

  react-router@7.10.1:
    resolution: {integrity: sha512-gHL89dRa3kwlUYtRQ+m8NmxGI6CgqN+k4XyGjwcFoQwwCWF6xXpOCUlDovkXClS0d0XJN/5q7kc5W3kiFEd0Yw==}
    engines: {node: '>=20.0.0'}
    peerDependencies:
      react: '>=18'
      react-dom: '>=18'
    peerDependenciesMeta:
      react-dom:
        optional: true

  react@19.2.1:
    resolution: {integrity: sha512-DGrYcCWK7tvYMnWh79yrPHt+vdx9tY+1gPZa7nJQtO/p8bLTDaHp4dzwEhQB7pZ4Xe3ok4XKuEPrVuc+wlpkmw==}
    engines: {node: '>=0.10.0'}

  scheduler@0.27.0:
    resolution: {integrity: sha512-eNv+WrVbKu1f3vbYJT/xtiF5syA5HPIMtf9IgY/nKg0sWqzAUEvqY/xm7OcZc/qafLx/iO9FgOmeSAp4v5ti/Q==}

  set-cookie-parser@2.7.2:
    resolution: {integrity: sha512-oeM1lpU/UvhTxw+g3cIfxXHyJRc/uidd3yK1P242gzHds0udQBYzs3y8j4gCCW+ZJ7ad0yctld8RYO+bdurlvw==}

  source-map-js@1.2.1:
    resolution: {integrity: sha512-UXWMKhLOwVKb728IUtQPXxfYU+usdybtUrK/8uGE8CQMvrhOpwvzDBwj0QhSL7MQc7vIsISBG8VQ8+IDQxpfQA==}
    engines: {node: '>=0.10.0'}

  stackframe@1.3.4:
    resolution: {integrity: sha512-oeVtt7eWQS+Na6F//S4kJ2K2VbRlS9D43mAlMyVpVWovy9o+jfgH8O9agzANzaiLjclA0oYzUXEM4PurhSUChw==}

  tailwind-merge@3.4.0:
    resolution: {integrity: sha512-uSaO4gnW+b3Y2aWoWfFpX62vn2sR3skfhbjsEnaBI81WD1wBLlHZe5sWf0AqjksNdYTbGBEd0UasQMT3SNV15g==}

  tailwindcss@4.1.17:
    resolution: {integrity: sha512-j9Ee2YjuQqYT9bbRTfTZht9W/ytp5H+jJpZKiYdP/bpnXARAuELt9ofP0lPnmHjbga7SNQIxdTAXCmtKVYjN+Q==}

  tapable@2.3.0:
    resolution: {integrity: sha512-g9ljZiwki/LfxmQADO3dEY1CbpmXT5Hm2fJ+QaGKwSXUylMybePR7/67YW7jOrrvjEgL1Fmz5kzyAjWVWLlucg==}
    engines: {node: '>=6'}

  tslib@2.8.1:
    resolution: {integrity: sha512-oJFu94HQb+KVduSUQL7wnpmqnfmLsOA/nAh6b6EH0wCEoK0/mPeXU6c3wKDV83MkOuHPRHtSXKKU99IBazS/2w==}

  typescript@5.9.3:
    resolution: {integrity: sha512-jl1vZzPDinLr9eUt3J/t7V6FgNEw9QjvBPdysz9KfQDD41fQrC2Y4vKQdiaUpFT4bXlb1RHhLpp8wtm6M5TgSw==}
    engines: {node: '>=14.17'}
    hasBin: true

  update-browserslist-db@1.2.2:
    resolution: {integrity: sha512-E85pfNzMQ9jpKkA7+TJAi4TJN+tBCuWh5rUcS/sv6cFi+1q9LYDwDI5dpUL0u/73EElyQ8d3TEaeW4sPedBqYA==}
    hasBin: true
    peerDependencies:
      browserslist: '>= 4.21.0'

  use-sync-external-store@1.6.0:
    resolution: {integrity: sha512-Pp6GSwGP/NrPIrxVFAIkOQeyw8lFenOHijQWkUTrDvrF4ALqylP2C/KCkeS9dpUM3KvYRQhna5vt7IL95+ZQ9w==}
    peerDependencies:
      react: ^16.8.0 || ^17.0.0 || ^18.0.0 || ^19.0.0

  zustand@5.0.9:
    resolution: {integrity: sha512-ALBtUj0AfjJt3uNRQoL1tL2tMvj6Gp/6e39dnfT6uzpelGru8v1tPOGBzayOWbPJvujM8JojDk3E1LxeFisBNg==}
    engines: {node: '>=12.20.0'}
    peerDependencies:
      '@types/react': '>=18.0.0'
      immer: '>=9.0.6'
      react: '>=18.0.0'
      use-sync-external-store: '>=1.2.0'
    peerDependenciesMeta:
      '@types/react':
        optional: true
      immer:
        optional: true
      react:
        optional: true
      use-sync-external-store:
        optional: true

snapshots:

  '@alloc/quick-lru@5.2.0': {}

  '@biomejs/biome@2.3.8':
    optionalDependencies:
      '@biomejs/cli-darwin-arm64': 2.3.8
      '@biomejs/cli-darwin-x64': 2.3.8
      '@biomejs/cli-linux-arm64': 2.3.8
      '@biomejs/cli-linux-arm64-musl': 2.3.8
      '@biomejs/cli-linux-x64': 2.3.8
      '@biomejs/cli-linux-x64-musl': 2.3.8
      '@biomejs/cli-win32-arm64': 2.3.8
      '@biomejs/cli-win32-x64': 2.3.8

  '@biomejs/cli-darwin-arm64@2.3.8':
    optional: true

  '@biomejs/cli-darwin-x64@2.3.8':
    optional: true

  '@biomejs/cli-linux-arm64-musl@2.3.8':
    optional: true

  '@biomejs/cli-linux-arm64@2.3.8':
    optional: true

  '@biomejs/cli-linux-x64-musl@2.3.8':
    optional: true

  '@biomejs/cli-linux-x64@2.3.8':
    optional: true

  '@biomejs/cli-win32-arm64@2.3.8':
    optional: true

  '@biomejs/cli-win32-x64@2.3.8':
    optional: true

  '@designervoid/ton-design-system@5.0.3': {}

  '@designervoid/ton-design-system@6.0.3':
    dependencies:
      '@designervoid/ton-design-system': 5.0.3

  '@emnapi/core@1.7.1':
    dependencies:
      '@emnapi/wasi-threads': 1.1.0
      tslib: 2.8.1
    optional: true

  '@emnapi/runtime@1.7.1':
    dependencies:
      tslib: 2.8.1
    optional: true

  '@emnapi/wasi-threads@1.1.0':
    dependencies:
      tslib: 2.8.1
    optional: true

  '@jridgewell/gen-mapping@0.3.13':
    dependencies:
      '@jridgewell/sourcemap-codec': 1.5.5
      '@jridgewell/trace-mapping': 0.3.31

  '@jridgewell/remapping@2.3.5':
    dependencies:
      '@jridgewell/gen-mapping': 0.3.13
      '@jridgewell/trace-mapping': 0.3.31

  '@jridgewell/resolve-uri@3.1.2': {}

  '@jridgewell/sourcemap-codec@1.5.5': {}

  '@jridgewell/trace-mapping@0.3.31':
    dependencies:
      '@jridgewell/resolve-uri': 3.1.2
      '@jridgewell/sourcemap-codec': 1.5.5

  '@lottiefiles/dotlottie-react@0.17.8(react@19.2.1)':
    dependencies:
      '@lottiefiles/dotlottie-web': 0.57.0
      react: 19.2.1

  '@lottiefiles/dotlottie-web@0.57.0': {}

  '@module-federation/error-codes@0.21.6': {}

  '@module-federation/runtime-core@0.21.6':
    dependencies:
      '@module-federation/error-codes': 0.21.6
      '@module-federation/sdk': 0.21.6

  '@module-federation/runtime-tools@0.21.6':
    dependencies:
      '@module-federation/runtime': 0.21.6
      '@module-federation/webpack-bundler-runtime': 0.21.6

  '@module-federation/runtime@0.21.6':
    dependencies:
      '@module-federation/error-codes': 0.21.6
      '@module-federation/runtime-core': 0.21.6
      '@module-federation/sdk': 0.21.6

  '@module-federation/sdk@0.21.6': {}

  '@module-federation/webpack-bundler-runtime@0.21.6':
    dependencies:
      '@module-federation/runtime': 0.21.6
      '@module-federation/sdk': 0.21.6

  '@napi-rs/wasm-runtime@1.0.7':
    dependencies:
      '@emnapi/core': 1.7.1
      '@emnapi/runtime': 1.7.1
      '@tybys/wasm-util': 0.10.1
    optional: true

  '@rsbuild/core@1.6.12':
    dependencies:
      '@rspack/core': 1.6.6(@swc/helpers@0.5.17)
      '@rspack/lite-tapable': 1.1.0
      '@swc/helpers': 0.5.17
      core-js: 3.47.0
      jiti: 2.6.1

  '@rsbuild/plugin-react@1.4.2(@rsbuild/core@1.6.12)':
    dependencies:
      '@rsbuild/core': 1.6.12
      '@rspack/plugin-react-refresh': 1.5.3(react-refresh@0.18.0)
      react-refresh: 0.18.0
    transitivePeerDependencies:
      - webpack-hot-middleware

  '@rspack/binding-darwin-arm64@1.6.6':
    optional: true

  '@rspack/binding-darwin-x64@1.6.6':
    optional: true

  '@rspack/binding-linux-arm64-gnu@1.6.6':
    optional: true

  '@rspack/binding-linux-arm64-musl@1.6.6':
    optional: true

  '@rspack/binding-linux-x64-gnu@1.6.6':
    optional: true

  '@rspack/binding-linux-x64-musl@1.6.6':
    optional: true

  '@rspack/binding-wasm32-wasi@1.6.6':
    dependencies:
      '@napi-rs/wasm-runtime': 1.0.7
    optional: true

  '@rspack/binding-win32-arm64-msvc@1.6.6':
    optional: true

  '@rspack/binding-win32-ia32-msvc@1.6.6':
    optional: true

  '@rspack/binding-win32-x64-msvc@1.6.6':
    optional: true

  '@rspack/binding@1.6.6':
    optionalDependencies:
      '@rspack/binding-darwin-arm64': 1.6.6
      '@rspack/binding-darwin-x64': 1.6.6
      '@rspack/binding-linux-arm64-gnu': 1.6.6
      '@rspack/binding-linux-arm64-musl': 1.6.6
      '@rspack/binding-linux-x64-gnu': 1.6.6
      '@rspack/binding-linux-x64-musl': 1.6.6
      '@rspack/binding-wasm32-wasi': 1.6.6
      '@rspack/binding-win32-arm64-msvc': 1.6.6
      '@rspack/binding-win32-ia32-msvc': 1.6.6
      '@rspack/binding-win32-x64-msvc': 1.6.6

  '@rspack/core@1.6.6(@swc/helpers@0.5.17)':
    dependencies:
      '@module-federation/runtime-tools': 0.21.6
      '@rspack/binding': 1.6.6
      '@rspack/lite-tapable': 1.1.0
    optionalDependencies:
      '@swc/helpers': 0.5.17

  '@rspack/lite-tapable@1.1.0': {}

  '@rspack/plugin-react-refresh@1.5.3(react-refresh@0.18.0)':
    dependencies:
      error-stack-parser: 2.1.4
      html-entities: 2.6.0
      react-refresh: 0.18.0

  '@swc/helpers@0.5.17':
    dependencies:
      tslib: 2.8.1

  '@tailwindcss/node@4.1.17':
    dependencies:
      '@jridgewell/remapping': 2.3.5
      enhanced-resolve: 5.18.3
      jiti: 2.6.1
      lightningcss: 1.30.2
      magic-string: 0.30.21
      source-map-js: 1.2.1
      tailwindcss: 4.1.17

  '@tailwindcss/oxide-android-arm64@4.1.17':
    optional: true

  '@tailwindcss/oxide-darwin-arm64@4.1.17':
    optional: true

  '@tailwindcss/oxide-darwin-x64@4.1.17':
    optional: true

  '@tailwindcss/oxide-freebsd-x64@4.1.17':
    optional: true

  '@tailwindcss/oxide-linux-arm-gnueabihf@4.1.17':
    optional: true

  '@tailwindcss/oxide-linux-arm64-gnu@4.1.17':
    optional: true

  '@tailwindcss/oxide-linux-arm64-musl@4.1.17':
    optional: true

  '@tailwindcss/oxide-linux-x64-gnu@4.1.17':
    optional: true

  '@tailwindcss/oxide-linux-x64-musl@4.1.17':
    optional: true

  '@tailwindcss/oxide-wasm32-wasi@4.1.17':
    optional: true

  '@tailwindcss/oxide-win32-arm64-msvc@4.1.17':
    optional: true

  '@tailwindcss/oxide-win32-x64-msvc@4.1.17':
    optional: true

  '@tailwindcss/oxide@4.1.17':
    optionalDependencies:
      '@tailwindcss/oxide-android-arm64': 4.1.17
      '@tailwindcss/oxide-darwin-arm64': 4.1.17
      '@tailwindcss/oxide-darwin-x64': 4.1.17
      '@tailwindcss/oxide-freebsd-x64': 4.1.17
      '@tailwindcss/oxide-linux-arm-gnueabihf': 4.1.17
      '@tailwindcss/oxide-linux-arm64-gnu': 4.1.17
      '@tailwindcss/oxide-linux-arm64-musl': 4.1.17
      '@tailwindcss/oxide-linux-x64-gnu': 4.1.17
      '@tailwindcss/oxide-linux-x64-musl': 4.1.17
      '@tailwindcss/oxide-wasm32-wasi': 4.1.17
      '@tailwindcss/oxide-win32-arm64-msvc': 4.1.17
      '@tailwindcss/oxide-win32-x64-msvc': 4.1.17

  '@tailwindcss/postcss@4.1.17':
    dependencies:
      '@alloc/quick-lru': 5.2.0
      '@tailwindcss/node': 4.1.17
      '@tailwindcss/oxide': 4.1.17
      postcss: 8.5.6
      tailwindcss: 4.1.17

  '@twa-dev/sdk@8.0.2(react@19.2.1)':
    dependencies:
      '@twa-dev/types': 8.0.2
      react: 19.2.1

  '@twa-dev/types@8.0.2': {}

  '@tybys/wasm-util@0.10.1':
    dependencies:
      tslib: 2.8.1
    optional: true

  '@types/react-dom@19.2.3(@types/react@19.2.7)':
    dependencies:
      '@types/react': 19.2.7

  '@types/react@19.2.7':
    dependencies:
      csstype: 3.2.3

  autoprefixer@10.4.22(postcss@8.5.6):
    dependencies:
      browserslist: 4.28.1
      caniuse-lite: 1.0.30001759
      fraction.js: 5.3.4
      normalize-range: 0.1.2
      picocolors: 1.1.1
      postcss: 8.5.6
      postcss-value-parser: 4.2.0

  baseline-browser-mapping@2.9.3: {}

  browserslist@4.28.1:
    dependencies:
      baseline-browser-mapping: 2.9.3
      caniuse-lite: 1.0.30001759
      electron-to-chromium: 1.5.266
      node-releases: 2.0.27
      update-browserslist-db: 1.2.2(browserslist@4.28.1)

  caniuse-lite@1.0.30001759: {}

  class-variance-authority@0.7.1:
    dependencies:
      clsx: 2.1.1

  clsx@2.1.1: {}

  cookie@1.1.1: {}

  core-js@3.47.0: {}

  csstype@3.2.3: {}

  detect-libc@2.1.2: {}

  electron-to-chromium@1.5.266: {}

  enhanced-resolve@5.18.3:
    dependencies:
      graceful-fs: 4.2.11
      tapable: 2.3.0

  error-stack-parser@2.1.4:
    dependencies:
      stackframe: 1.3.4

  escalade@3.2.0: {}

  fraction.js@5.3.4: {}

  graceful-fs@4.2.11: {}

  html-entities@2.6.0: {}

  jiti@2.6.1: {}

  lightningcss-android-arm64@1.30.2:
    optional: true

  lightningcss-darwin-arm64@1.30.2:
    optional: true

  lightningcss-darwin-x64@1.30.2:
    optional: true

  lightningcss-freebsd-x64@1.30.2:
    optional: true

  lightningcss-linux-arm-gnueabihf@1.30.2:
    optional: true

  lightningcss-linux-arm64-gnu@1.30.2:
    optional: true

  lightningcss-linux-arm64-musl@1.30.2:
    optional: true

  lightningcss-linux-x64-gnu@1.30.2:
    optional: true

  lightningcss-linux-x64-musl@1.30.2:
    optional: true

  lightningcss-win32-arm64-msvc@1.30.2:
    optional: true

  lightningcss-win32-x64-msvc@1.30.2:
    optional: true

  lightningcss@1.30.2:
    dependencies:
      detect-libc: 2.1.2
    optionalDependencies:
      lightningcss-android-arm64: 1.30.2
      lightningcss-darwin-arm64: 1.30.2
      lightningcss-darwin-x64: 1.30.2
      lightningcss-freebsd-x64: 1.30.2
      lightningcss-linux-arm-gnueabihf: 1.30.2
      lightningcss-linux-arm64-gnu: 1.30.2
      lightningcss-linux-arm64-musl: 1.30.2
      lightningcss-linux-x64-gnu: 1.30.2
      lightningcss-linux-x64-musl: 1.30.2
      lightningcss-win32-arm64-msvc: 1.30.2
      lightningcss-win32-x64-msvc: 1.30.2

  magic-string@0.30.21:
    dependencies:
      '@jridgewell/sourcemap-codec': 1.5.5

  nanoid@3.3.11: {}

  node-releases@2.0.27: {}

  normalize-range@0.1.2: {}

  picocolors@1.1.1: {}

  postcss-value-parser@4.2.0: {}

  postcss@8.5.6:
    dependencies:
      nanoid: 3.3.11
      picocolors: 1.1.1
      source-map-js: 1.2.1

  react-dom@19.2.1(react@19.2.1):
    dependencies:
      react: 19.2.1
      scheduler: 0.27.0

  react-refresh@0.18.0: {}

  react-router-dom@7.10.1(react-dom@19.2.1(react@19.2.1))(react@19.2.1):
    dependencies:
      react: 19.2.1
      react-dom: 19.2.1(react@19.2.1)
      react-router: 7.10.1(react-dom@19.2.1(react@19.2.1))(react@19.2.1)

  react-router@7.10.1(react-dom@19.2.1(react@19.2.1))(react@19.2.1):
    dependencies:
      cookie: 1.1.1
      react: 19.2.1
      set-cookie-parser: 2.7.2
    optionalDependencies:
      react-dom: 19.2.1(react@19.2.1)

  react@19.2.1: {}

  scheduler@0.27.0: {}

  set-cookie-parser@2.7.2: {}

  source-map-js@1.2.1: {}

  stackframe@1.3.4: {}

  tailwind-merge@3.4.0: {}

  tailwindcss@4.1.17: {}

  tapable@2.3.0: {}

  tslib@2.8.1: {}

  typescript@5.9.3: {}

  update-browserslist-db@1.2.2(browserslist@4.28.1):
    dependencies:
      browserslist: 4.28.1
      escalade: 3.2.0
      picocolors: 1.1.1

  use-sync-external-store@1.6.0(react@19.2.1):
    dependencies:
      react: 19.2.1
    optional: true

  zustand@5.0.9(@types/react@19.2.7)(react@19.2.1)(use-sync-external-store@1.6.0(react@19.2.1)):
    optionalDependencies:
      '@types/react': 19.2.7
      react: 19.2.1
      use-sync-external-store: 1.6.0(react@19.2.1)
